{
  "originHash" : "33855d8e803b063bbab51dadc735f071fce36b99b8be0b7a4883c4ef4d2f5fd0",
  "pins" : [
    {
      "identity" : "symbol-extension",
      "kind" : "remoteSourceControl",
      "location" : "https://github.com/ootake/symbol-extension",
      "state" : {
        "branch" : "main",
        "revision" : "82c9acc3dea858e364cb6fcddf5734bc82e949cd"
      }
    }
  ],
  "version" : 3
}
